
Microsoft Visual Studio Solution File, Format Version 12.00
# Visual Studio Version 17
VisualStudioVersion = 17.14.36401.2 d17.14
MinimumVisualStudioVersion = 10.0.40219.1
Project("{FAE04EC0-301F-11D3-BF4B-00C04F79EFBC}") = "MORENT", "MORENT\MORENT.csproj", "{20D26A6B-2DE6-4EE6-A744-19F5B09E257A}"
EndProject
Global
	GlobalSection(SolutionConfigurationPlatforms) = preSolution
		Debug|Any CPU = Debug|Any CPU
		Release|Any CPU = Release|Any CPU
	EndGlobalSection
	GlobalSection(ProjectConfigurationPlatforms) = postSolution
		{20D26A6B-2DE6-4EE6-A744-19F5B09E257A}.Debug|Any CPU.ActiveCfg = Debug|Any CPU
		{20D26A6B-2DE6-4EE6-A744-19F5B09E257A}.Debug|Any CPU.Build.0 = Debug|Any CPU
		{20D26A6B-2DE6-4EE6-A744-19F5B09E257A}.Release|Any CPU.ActiveCfg = Release|Any CPU
		{20D26A6B-2DE6-4EE6-A744-19F5B09E257A}.Release|Any CPU.Build.0 = Release|Any CPU
	EndGlobalSection
	GlobalSection(SolutionProperties) = preSolution
		HideSolutionNode = FALSE
	EndGlobalSection
	GlobalSection(ExtensibilityGlobals) = postSolution
		SolutionGuid = {DB764A5D-7B84-4998-A5A9-67476B72659A}
	EndGlobalSection
EndGlobal
